
Microsoft Visual Studio Solution File, Format Version 12.00
Project("{FAE04EC0-301F-11D3-BF4B-00C04F79EFBC}") = "kontur_school", "kontur_school\kontur_school.csproj", "{915DAB8A-9C6E-4F4D-BF8E-3C3BC5998E99}"
EndProject
Project("{FAE04EC0-301F-11D3-BF4B-00C04F79EFBC}") = "even_massives", "massives\even_massives\even_massives.csproj", "{E018015F-88B7-44BC-99CB-A2F366CDCFC6}"
EndProject
Project("{FAE04EC0-301F-11D3-BF4B-00C04F79EFBC}") = "index_of_max", "massives\index_of_max\index_of_max.csproj", "{FCE80A86-DF86-427A-B899-F6383179A233}"
EndProject
Project("{FAE04EC0-301F-11D3-BF4B-00C04F79EFBC}") = "element_count", "massives\element_count\element_count.csproj", "{FE46F303-67EE-45A0-819B-1B3D26E757D9}"
EndProject
Project("{FAE04EC0-301F-11D3-BF4B-00C04F79EFBC}") = "taro_cards", "massives\taro_cards\taro_cards.csproj", "{916C5B66-AFC2-41A1-BD6F-DE56DB50DACC}"
EndProject
Project("{FAE04EC0-301F-11D3-BF4B-00C04F79EFBC}") = "arr_to_pow", "massives\arr_to_pow\arr_to_pow.csproj", "{53EEE0F7-A316-4217-A0CD-11857D32A8D4}"
EndProject
Project("{FAE04EC0-301F-11D3-BF4B-00C04F79EFBC}") = "tic_tac_toe", "massives\tic_tac_toe\tic_tac_toe.csproj", "{64FB685C-F10B-42E2-8072-32FAC4C6E30C}"
EndProject
Project("{FAE04EC0-301F-11D3-BF4B-00C04F79EFBC}") = "histogram", "massives\histogram\histogram.csproj", "{A717D919-794E-4504-9B5D-CB23A7D63096}"
EndProject
Project("{FAE04EC0-301F-11D3-BF4B-00C04F79EFBC}") = "stranger_cipher", "collections_strings_files\stranger_cipher\stranger_cipher.csproj", "{3DD6DBD7-0107-450F-8C64-6F4EA2EA8F07}"
EndProject
Project("{FAE04EC0-301F-11D3-BF4B-00C04F79EFBC}") = "useful_acquaintances", "collections_strings_files\useful_acquaintances\useful_acquaintances.csproj", "{3567F123-7609-4A62-A37D-DA68D40A5988}"
EndProject
Project("{FAE04EC0-301F-11D3-BF4B-00C04F79EFBC}") = "benford_law", "collections_strings_files\benford_law\benford_law.csproj", "{52C48420-3706-4716-8023-BFF0F47EEC15}"
EndProject
Project("{FAE04EC0-301F-11D3-BF4B-00C04F79EFBC}") = "split_and_join", "collections_strings_files\split_and_join\split_and_join.csproj", "{2E441898-6F9D-41C0-945C-C51F03ED1DDD}"
EndProject
Project("{FAE04EC0-301F-11D3-BF4B-00C04F79EFBC}") = "stranger_again", "collections_strings_files\stranger_again\stranger_again.csproj", "{7E932588-40CD-4B20-B7B0-4FC27E154F29}"
EndProject
Project("{FAE04EC0-301F-11D3-BF4B-00C04F79EFBC}") = "text_analysis", "collections_strings_files\text_analysis\text_analysis.csproj", "{4308F72D-D76F-497F-9DB9-65FE1B45AA5B}"
EndProject
Global
	GlobalSection(SolutionConfigurationPlatforms) = preSolution
		Debug|Any CPU = Debug|Any CPU
		Release|Any CPU = Release|Any CPU
	EndGlobalSection
	GlobalSection(ProjectConfigurationPlatforms) = postSolution
		{915DAB8A-9C6E-4F4D-BF8E-3C3BC5998E99}.Debug|Any CPU.ActiveCfg = Debug|Any CPU
		{915DAB8A-9C6E-4F4D-BF8E-3C3BC5998E99}.Debug|Any CPU.Build.0 = Debug|Any CPU
		{915DAB8A-9C6E-4F4D-BF8E-3C3BC5998E99}.Release|Any CPU.ActiveCfg = Release|Any CPU
		{915DAB8A-9C6E-4F4D-BF8E-3C3BC5998E99}.Release|Any CPU.Build.0 = Release|Any CPU
		{E018015F-88B7-44BC-99CB-A2F366CDCFC6}.Debug|Any CPU.ActiveCfg = Debug|Any CPU
		{E018015F-88B7-44BC-99CB-A2F366CDCFC6}.Debug|Any CPU.Build.0 = Debug|Any CPU
		{E018015F-88B7-44BC-99CB-A2F366CDCFC6}.Release|Any CPU.ActiveCfg = Release|Any CPU
		{E018015F-88B7-44BC-99CB-A2F366CDCFC6}.Release|Any CPU.Build.0 = Release|Any CPU
		{FCE80A86-DF86-427A-B899-F6383179A233}.Debug|Any CPU.ActiveCfg = Debug|Any CPU
		{FCE80A86-DF86-427A-B899-F6383179A233}.Debug|Any CPU.Build.0 = Debug|Any CPU
		{FCE80A86-DF86-427A-B899-F6383179A233}.Release|Any CPU.ActiveCfg = Release|Any CPU
		{FCE80A86-DF86-427A-B899-F6383179A233}.Release|Any CPU.Build.0 = Release|Any CPU
		{FE46F303-67EE-45A0-819B-1B3D26E757D9}.Debug|Any CPU.ActiveCfg = Debug|Any CPU
		{FE46F303-67EE-45A0-819B-1B3D26E757D9}.Debug|Any CPU.Build.0 = Debug|Any CPU
		{FE46F303-67EE-45A0-819B-1B3D26E757D9}.Release|Any CPU.ActiveCfg = Release|Any CPU
		{FE46F303-67EE-45A0-819B-1B3D26E757D9}.Release|Any CPU.Build.0 = Release|Any CPU
		{916C5B66-AFC2-41A1-BD6F-DE56DB50DACC}.Debug|Any CPU.ActiveCfg = Debug|Any CPU
		{916C5B66-AFC2-41A1-BD6F-DE56DB50DACC}.Debug|Any CPU.Build.0 = Debug|Any CPU
		{916C5B66-AFC2-41A1-BD6F-DE56DB50DACC}.Release|Any CPU.ActiveCfg = Release|Any CPU
		{916C5B66-AFC2-41A1-BD6F-DE56DB50DACC}.Release|Any CPU.Build.0 = Release|Any CPU
		{53EEE0F7-A316-4217-A0CD-11857D32A8D4}.Debug|Any CPU.ActiveCfg = Debug|Any CPU
		{53EEE0F7-A316-4217-A0CD-11857D32A8D4}.Debug|Any CPU.Build.0 = Debug|Any CPU
		{53EEE0F7-A316-4217-A0CD-11857D32A8D4}.Release|Any CPU.ActiveCfg = Release|Any CPU
		{53EEE0F7-A316-4217-A0CD-11857D32A8D4}.Release|Any CPU.Build.0 = Release|Any CPU
		{64FB685C-F10B-42E2-8072-32FAC4C6E30C}.Debug|Any CPU.ActiveCfg = Debug|Any CPU
		{64FB685C-F10B-42E2-8072-32FAC4C6E30C}.Debug|Any CPU.Build.0 = Debug|Any CPU
		{64FB685C-F10B-42E2-8072-32FAC4C6E30C}.Release|Any CPU.ActiveCfg = Release|Any CPU
		{64FB685C-F10B-42E2-8072-32FAC4C6E30C}.Release|Any CPU.Build.0 = Release|Any CPU
		{A717D919-794E-4504-9B5D-CB23A7D63096}.Debug|Any CPU.ActiveCfg = Debug|Any CPU
		{A717D919-794E-4504-9B5D-CB23A7D63096}.Debug|Any CPU.Build.0 = Debug|Any CPU
		{A717D919-794E-4504-9B5D-CB23A7D63096}.Release|Any CPU.ActiveCfg = Release|Any CPU
		{A717D919-794E-4504-9B5D-CB23A7D63096}.Release|Any CPU.Build.0 = Release|Any CPU
		{3DD6DBD7-0107-450F-8C64-6F4EA2EA8F07}.Debug|Any CPU.ActiveCfg = Debug|Any CPU
		{3DD6DBD7-0107-450F-8C64-6F4EA2EA8F07}.Debug|Any CPU.Build.0 = Debug|Any CPU
		{3DD6DBD7-0107-450F-8C64-6F4EA2EA8F07}.Release|Any CPU.ActiveCfg = Release|Any CPU
		{3DD6DBD7-0107-450F-8C64-6F4EA2EA8F07}.Release|Any CPU.Build.0 = Release|Any CPU
		{3567F123-7609-4A62-A37D-DA68D40A5988}.Debug|Any CPU.ActiveCfg = Debug|Any CPU
		{3567F123-7609-4A62-A37D-DA68D40A5988}.Debug|Any CPU.Build.0 = Debug|Any CPU
		{3567F123-7609-4A62-A37D-DA68D40A5988}.Release|Any CPU.ActiveCfg = Release|Any CPU
		{3567F123-7609-4A62-A37D-DA68D40A5988}.Release|Any CPU.Build.0 = Release|Any CPU
		{52C48420-3706-4716-8023-BFF0F47EEC15}.Debug|Any CPU.ActiveCfg = Debug|Any CPU
		{52C48420-3706-4716-8023-BFF0F47EEC15}.Debug|Any CPU.Build.0 = Debug|Any CPU
		{52C48420-3706-4716-8023-BFF0F47EEC15}.Release|Any CPU.ActiveCfg = Release|Any CPU
		{52C48420-3706-4716-8023-BFF0F47EEC15}.Release|Any CPU.Build.0 = Release|Any CPU
		{2E441898-6F9D-41C0-945C-C51F03ED1DDD}.Debug|Any CPU.ActiveCfg = Debug|Any CPU
		{2E441898-6F9D-41C0-945C-C51F03ED1DDD}.Debug|Any CPU.Build.0 = Debug|Any CPU
		{2E441898-6F9D-41C0-945C-C51F03ED1DDD}.Release|Any CPU.ActiveCfg = Release|Any CPU
		{2E441898-6F9D-41C0-945C-C51F03ED1DDD}.Release|Any CPU.Build.0 = Release|Any CPU
		{7E932588-40CD-4B20-B7B0-4FC27E154F29}.Debug|Any CPU.ActiveCfg = Debug|Any CPU
		{7E932588-40CD-4B20-B7B0-4FC27E154F29}.Debug|Any CPU.Build.0 = Debug|Any CPU
		{7E932588-40CD-4B20-B7B0-4FC27E154F29}.Release|Any CPU.ActiveCfg = Release|Any CPU
		{7E932588-40CD-4B20-B7B0-4FC27E154F29}.Release|Any CPU.Build.0 = Release|Any CPU
		{4308F72D-D76F-497F-9DB9-65FE1B45AA5B}.Debug|Any CPU.ActiveCfg = Debug|Any CPU
		{4308F72D-D76F-497F-9DB9-65FE1B45AA5B}.Debug|Any CPU.Build.0 = Debug|Any CPU
		{4308F72D-D76F-497F-9DB9-65FE1B45AA5B}.Release|Any CPU.ActiveCfg = Release|Any CPU
		{4308F72D-D76F-497F-9DB9-65FE1B45AA5B}.Release|Any CPU.Build.0 = Release|Any CPU
	EndGlobalSection
EndGlobal
